
Microsoft Visual Studio Solution File, Format Version 10.00
# Visual Studio 2008
Project("{8BC9CEB8-8B4A-11D0-8D11-00A0C91BC942}") = "XMLParser", "XMLParser.vcproj", "{D8B8B750-266C-45C8-B9F5-C42BC003C324}"
EndProject
Global
	GlobalSection(SolutionConfigurationPlatforms) = preSolution
		Debug|Win32 = Debug|Win32
		Release|Win32 = Release|Win32
	EndGlobalSection
	GlobalSection(ProjectConfigurationPlatforms) = postSolution
		{D8B8B750-266C-45C8-B9F5-C42BC003C324}.Debug|Win32.ActiveCfg = Debug|Win32
		{D8B8B750-266C-45C8-B9F5-C42BC003C324}.Debug|Win32.Build.0 = Debug|Win32
		{D8B8B750-266C-45C8-B9F5-C42BC003C324}.Release|Win32.ActiveCfg = Release|Win32
		{D8B8B750-266C-45C8-B9F5-C42BC003C324}.Release|Win32.Build.0 = Release|Win32
	EndGlobalSection
	GlobalSection(SolutionProperties) = preSolution
		HideSolutionNode = FALSE
	EndGlobalSection
EndGlobal
